
Microsoft Visual Studio Solution File, Format Version 12.00
# Visual Studio Version 17
VisualStudioVersion = 17.7.34031.279
MinimumVisualStudioVersion = 10.0.40219.1
Project("{FAE04EC0-301F-11D3-BF4B-00C04F79EFBC}") = "dropdown 4", "dropdown 4\dropdown 4.csproj", "{8C535FA7-BE03-4318-956C-AF733732BEDE}"
EndProject
Global
	GlobalSection(SolutionConfigurationPlatforms) = preSolution
		Debug|Any CPU = Debug|Any CPU
		Release|Any CPU = Release|Any CPU
	EndGlobalSection
	GlobalSection(ProjectConfigurationPlatforms) = postSolution
		{8C535FA7-BE03-4318-956C-AF733732BEDE}.Debug|Any CPU.ActiveCfg = Debug|Any CPU
		{8C535FA7-BE03-4318-956C-AF733732BEDE}.Debug|Any CPU.Build.0 = Debug|Any CPU
		{8C535FA7-BE03-4318-956C-AF733732BEDE}.Release|Any CPU.ActiveCfg = Release|Any CPU
		{8C535FA7-BE03-4318-956C-AF733732BEDE}.Release|Any CPU.Build.0 = Release|Any CPU
	EndGlobalSection
	GlobalSection(SolutionProperties) = preSolution
		HideSolutionNode = FALSE
	EndGlobalSection
	GlobalSection(ExtensibilityGlobals) = postSolution
		SolutionGuid = {D0DFBB9E-3770-4108-871C-DEE3060E30E3}
	EndGlobalSection
EndGlobal
